
Microsoft Visual Studio Solution File, Format Version 12.00
# Visual Studio Version 17
VisualStudioVersion = 17.0.31903.59
MinimumVisualStudioVersion = 10.0.40219.1
Project("{FAE04EC0-301F-11D3-BF4B-00C04F79EFBC}") = "CommandControlServer", "CommandControlServer\CommandControlServer.csproj", "{F79BC6A6-0143-4A10-8E60-35F0EF117B0D}"
EndProject
Project("{FAE04EC0-301F-11D3-BF4B-00C04F79EFBC}") = "RatClient", "RatClient\RatClient.csproj", "{EB92E09E-CA48-4725-A317-21EADA6CABF5}"
EndProject
Project("{FAE04EC0-301F-11D3-BF4B-00C04F79EFBC}") = "RemotingInterface", "RemotingInterface\RemotingInterface.csproj", "{AAC4A857-0786-4096-8FCF-CDED7098E8CF}"
EndProject
Global
	GlobalSection(SolutionConfigurationPlatforms) = preSolution
		Debug|Any CPU = Debug|Any CPU
		Release|Any CPU = Release|Any CPU
	EndGlobalSection
	GlobalSection(ProjectConfigurationPlatforms) = postSolution
		{F79BC6A6-0143-4A10-8E60-35F0EF117B0D}.Debug|Any CPU.ActiveCfg = Debug|Any CPU
		{F79BC6A6-0143-4A10-8E60-35F0EF117B0D}.Debug|Any CPU.Build.0 = Debug|Any CPU
		{F79BC6A6-0143-4A10-8E60-35F0EF117B0D}.Release|Any CPU.ActiveCfg = Release|Any CPU
		{F79BC6A6-0143-4A10-8E60-35F0EF117B0D}.Release|Any CPU.Build.0 = Release|Any CPU
		{EB92E09E-CA48-4725-A317-21EADA6CABF5}.Debug|Any CPU.ActiveCfg = Debug|Any CPU
		{EB92E09E-CA48-4725-A317-21EADA6CABF5}.Debug|Any CPU.Build.0 = Debug|Any CPU
		{EB92E09E-CA48-4725-A317-21EADA6CABF5}.Release|Any CPU.ActiveCfg = Release|Any CPU
		{EB92E09E-CA48-4725-A317-21EADA6CABF5}.Release|Any CPU.Build.0 = Release|Any CPU
		{AAC4A857-0786-4096-8FCF-CDED7098E8CF}.Debug|Any CPU.ActiveCfg = Debug|Any CPU
		{AAC4A857-0786-4096-8FCF-CDED7098E8CF}.Debug|Any CPU.Build.0 = Debug|Any CPU
		{AAC4A857-0786-4096-8FCF-CDED7098E8CF}.Release|Any CPU.ActiveCfg = Release|Any CPU
		{AAC4A857-0786-4096-8FCF-CDED7098E8CF}.Release|Any CPU.Build.0 = Release|Any CPU
	EndGlobalSection
	GlobalSection(SolutionProperties) = preSolution
		HideSolutionNode = FALSE
	EndGlobalSection
	GlobalSection(ExtensibilityGlobals) = postSolution
		SolutionGuid = {F392C8E8-319E-48A5-BCAC-50714E61ED1E}
	EndGlobalSection
EndGlobal
